// !$*UTF8*$!
{
	archiveVersion = 1;
	classes = {
	};
	objectVersion = 46;
	objects = {

/* Begin PBXBuildFile section */
		1AE0A5732A7DAC00294EAA891E7CF6002B96E347A3680A00 /* AudioToolbox.framework in Frameworks */ = {isa = PBXBuildFile; fileRef = DC0259F6E0E0400AAEB7FA6B221D80046F5E535A5F35C00 /* AudioToolbox.framework */; };
		3865FAA12DD77C0046D3FFB721D6C400491C3875A6C1D800 /* AVFoundation.framework in Frameworks */ = {isa = PBXBuildFile; fileRef = C760240783E4F80A9A15C47BC52200045ABC1D6B023A400 /* AVFoundation.framework */; };
		41D83EC691300800D31EC23253F068006BE58ECDB1254800 /* QuartzCore.framework in Frameworks */ = {isa = PBXBuildFile; fileRef = EFCDC9748B91C8003EE6C1246FD8CE00CCDEDAE5F3C5F800 /* QuartzCore.framework */; };
		471AD596BDA8280077D3255063816C00C02C4732F11E1800 /* cocos2d_libs.xcodeproj in Resources */ = {isa = PBXBuildFile; fileRef = 77C3F1F58F2CB4008670764A8E287000DDBC7DA8DDDB9800 /* cocos2d_libs.xcodeproj */; };
		544D6A3CAB9CE800CD830D76BDC6C000B9E89DA8F1B7B000 /* main.cpp in Sources */ = {isa = PBXBuildFile; fileRef = 5F9674AF1DE15400942E274417A3100088928D2451A21000 /* main.cpp */; };
		63237435348BA0048C8D23319D6B000661FE9A087D8D800 /* Security.framework in Frameworks */ = {isa = PBXBuildFile; fileRef = 7607D53BAC8F3800592BF8444205F400DAED31F1B0A25000 /* Security.framework */; };
		638A4D00E91D7C00B5A7082D314CD09CC00C972102D000 /* Icon.icns in Resources */ = {isa = PBXBuildFile; fileRef = 4BD14CE49E9DD80051FF89F0FC07740A4355775C5872800 /* Icon.icns */; };
		676545F3DA0C8C00953363E602474800786297B2E9E2D000 /* main.js in Resources */ = {isa = PBXBuildFile; fileRef = BDCB716687C51800857D953DF950300052DB35BEA8515400 /* main.js */; };
		678E0808713678003B68000603C442001129B33A6C9CE700 /* IOKit.framework in Frameworks */ = {isa = PBXBuildFile; fileRef = 7E1F01090BACC800D19FF5CF188B308CDE38DD0DBC3000 /* IOKit.framework */; };
		7398584CA5B46400AECE49EA400E50009426437A7C46B000 /* ApplicationServices.framework in Frameworks */ = {isa = PBXBuildFile; fileRef = 5BF4CA73EA6C74025EDEFEBDC87C80032835CB9B4060E00 /* ApplicationServices.framework */; };
		934EF3A4B4A3E800D5F809A0568D8000A572B2214DB49800 /* AppDelegate.cpp in Sources */ = {isa = PBXBuildFile; fileRef = 351A9F348C88980071D3A6B85AABEC0068CA017BE1BA4000 /* AppDelegate.cpp */; };
		AB76F0198B646800696D8EDF2E528C00E27F3F75BD786800 /* src in Resources */ = {isa = PBXBuildFile; fileRef = 25379B772DB30A00D1F17342666DD0005DBB45B6F6050800 /* src */; };
		B9C0B8524A2F1803DD3F93191CB00008ACF4B23935DF000 /* OpenAL.framework in Frameworks */ = {isa = PBXBuildFile; fileRef = 2951AB2B00B6880FC6B27DDFD6E6000BE01978F738D6000 /* OpenAL.framework */; };
		B9E01AC27A491800A19CBA68C3695000497318BAF0795800 /* jscocos2d.xcodeproj in Resources */ = {isa = PBXBuildFile; fileRef = 17C4DBC6111910007604FFCC17CCF00078541995C9284800 /* jscocos2d.xcodeproj */; };
		C189974DF8E8D80095638F4B8B76A8006B25427FF44F4800 /* Cocoa.framework in Frameworks */ = {isa = PBXBuildFile; fileRef = BB58CD9C8D6BC8003E0B6C8950D78800CA1805708F7B3000 /* Cocoa.framework */; };
		D4E5D913B762400071DC6C0248A4F00541918B2261D4000 /* AppKit.framework in Frameworks */ = {isa = PBXBuildFile; fileRef = DBBC4EDA893A8800D5925C05D69D78009728CBB74CBC7800 /* AppKit.framework */; };
		D8D399524D7F9800848246FCD9D478005A7CF70DAFB2FC00 /* libcocos2d_libs.a in Resources */ = {isa = PBXBuildFile; fileRef = D10F3CCE5903D8007FC46AB82F8EF800CD68D17ACDA93800 /* libcocos2d_libs.a */; };
		E7994FBB840EA80019D13D67F136B40066CC8F59F2C9A400 /* OpenGL.framework in Frameworks */ = {isa = PBXBuildFile; fileRef = 1EB4DB1719352E00188AE84266982400DA2157F3DCB72800 /* OpenGL.framework */; };
		ED4CE49BDAA6700A01B51B5806AC80038E21E50DD9FA600 /* Foundation.framework in Frameworks */ = {isa = PBXBuildFile; fileRef = 71D6295A4B74E000C0EF210A2FBBE8004EE73ACBB3A91400 /* Foundation.framework */; };
		FBA6B9BED919A800DECADCC76E906000608C1674DD2CBC00 /* project.json in Resources */ = {isa = PBXBuildFile; fileRef = 6A21C306732E7C0051B39F3DA2C04C009AC94CA77DCD8800 /* project.json */; };
		FC07A001DB5F680043C9E6F03C616C00974745247D932000 /* libjscocos2d.a in Resources */ = {isa = PBXBuildFile; fileRef = 9F5747C896714000839456BD74E4B800C46149E5BAFCF000 /* libjscocos2d.a */; };
/* End PBXBuildFile section */

/* Begin PBXContainerItemProxy section */
		B6DABE7F6E5DB000398D5D6C31C97000C599F653706D1800 /* PBXContainerItemProxy */ = {
			isa = PBXContainerItemProxy;
			containerPortal = 77C3F1F58F2CB4008670764A8E287000DDBC7DA8DDDB9800 /* cocos2d_libs.xcodeproj */;
			proxyType = 2;
			remoteGlobalIDString = 792FA621D023C80036B37B601894AC00C7F3EFC95D338000;
			remoteInfo = libcocos2d_libs.a;
		};
		B94CFFB5C09820003BFF9EA28403E400C80C3789C2A78800 /* PBXContainerItemProxy */ = {
			isa = PBXContainerItemProxy;
			containerPortal = 77C3F1F58F2CB4008670764A8E287000DDBC7DA8DDDB9800 /* cocos2d_libs.xcodeproj */;
			proxyType = 1;
			remoteGlobalIDString = 6885E5D4086BD800AC5396F4F35800006326FF553B3DC400;
			remoteInfo = libcocos2d_libs.a;
		};
		D7D821067B70C000BF69FD3DAB02900087FAAA7860FCC00 /* PBXContainerItemProxy */ = {
			isa = PBXContainerItemProxy;
			containerPortal = 17C4DBC6111910007604FFCC17CCF00078541995C9284800 /* jscocos2d.xcodeproj */;
			proxyType = 2;
			remoteGlobalIDString = 314CED18F300BA00A932B15EC66BC0096D96A6AE0021800;
			remoteInfo = libjscocos2d.a;
		};
		DA4A623CCDAB3000C1DC3E73FD3D0000AF1EBDDD84A3E80 /* PBXContainerItemProxy */ = {
			isa = PBXContainerItemProxy;
			containerPortal = 17C4DBC6111910007604FFCC17CCF00078541995C9284800 /* jscocos2d.xcodeproj */;
			proxyType = 1;
			remoteGlobalIDString = 94E3E0389CDF2000AAFD46F2B3F1C000AF3D7769A40DB800;
			remoteInfo = libjscocos2d.a;
		};
/* End PBXContainerItemProxy section */

/* Begin PBXFileReference section */
		17C4DBC6111910007604FFCC17CCF00078541995C9284800 /* libjscocos2d.a */ = {isa = PBXFileReference; lastKnownFileType = "wrapper.pb-project"; name = "jscocos2d.xcodeproj"; path = jscocos2d.xcodeproj; sourceTree = SOURCE_ROOT; };
		17CC11B4092C4700EFC83C8537D29800C0B8564A9113F800 /* test.app */ = {isa = PBXFileReference; explicitFileType = wrapper.application; includeInIndex = 0; name = test.app; path = test.app; sourceTree = BUILT_PRODUCTS_DIR; };
		1EB4DB1719352E00188AE84266982400DA2157F3DCB72800 /* OpenGL.framework */ = {isa = PBXFileReference; lastKnownFileType = wrapper.framework; name = OpenGL.framework; path = System/Library/Frameworks/OpenGL.framework; sourceTree = SDKROOT; };
		25379B772DB30A00D1F17342666DD0005DBB45B6F6050800 /* src */ = {isa = PBXFileReference; lastKnownFileType = text; name = src; path = ../../../src; sourceTree = "<group>"; };
		2951AB2B00B6880FC6B27DDFD6E6000BE01978F738D6000 /* OpenAL.framework */ = {isa = PBXFileReference; lastKnownFileType = wrapper.framework; name = OpenAL.framework; path = System/Library/Frameworks/OpenAL.framework; sourceTree = SDKROOT; };
		351A9F348C88980071D3A6B85AABEC0068CA017BE1BA4000 /* AppDelegate.cpp */ = {isa = PBXFileReference; lastKnownFileType = sourcecode.cpp.cpp; name = AppDelegate.cpp; path = ../Classes/AppDelegate.cpp; sourceTree = "<group>"; };
		4BD14CE49E9DD80051FF89F0FC07740A4355775C5872800 /* Icon.icns */ = {isa = PBXFileReference; lastKnownFileType = image.icns; name = Icon.icns; path = ../proj.ios_mac/mac/Icon.icns; sourceTree = "<group>"; };
		5BF4CA73EA6C74025EDEFEBDC87C80032835CB9B4060E00 /* ApplicationServices.framework */ = {isa = PBXFileReference; lastKnownFileType = wrapper.framework; name = ApplicationServices.framework; path = System/Library/Frameworks/ApplicationServices.framework; sourceTree = SDKROOT; };
		5F9674AF1DE15400942E274417A3100088928D2451A21000 /* main.cpp */ = {isa = PBXFileReference; lastKnownFileType = sourcecode.cpp.cpp; name = main.cpp; path = ../proj.ios_mac/mac/main.cpp; sourceTree = "<group>"; };
		6A21C306732E7C0051B39F3DA2C04C009AC94CA77DCD8800 /* project.json */ = {isa = PBXFileReference; lastKnownFileType = text; name = project.json; path = ../../../project.json; sourceTree = "<group>"; };
		71D6295A4B74E000C0EF210A2FBBE8004EE73ACBB3A91400 /* Foundation.framework */ = {isa = PBXFileReference; lastKnownFileType = wrapper.framework; name = Foundation.framework; path = System/Library/Frameworks/Foundation.framework; sourceTree = SDKROOT; };
		7607D53BAC8F3800592BF8444205F400DAED31F1B0A25000 /* Security.framework */ = {isa = PBXFileReference; lastKnownFileType = wrapper.framework; name = Security.framework; path = System/Library/Frameworks/Security.framework; sourceTree = SDKROOT; };
		77C3F1F58F2CB4008670764A8E287000DDBC7DA8DDDB9800 /* libcocos2d_libs.a */ = {isa = PBXFileReference; lastKnownFileType = "wrapper.pb-project"; name = "cocos2d_libs.xcodeproj"; path = cocos2d_libs.xcodeproj; sourceTree = SOURCE_ROOT; };
		7E1F01090BACC800D19FF5CF188B308CDE38DD0DBC3000 /* IOKit.framework */ = {isa = PBXFileReference; lastKnownFileType = wrapper.framework; name = IOKit.framework; path = System/Library/Frameworks/IOKit.framework; sourceTree = SDKROOT; };
		8072307EE8295000C81AB49A2C77F000820323F56E9F2800 /* Prefix.pch */ = {isa = PBXFileReference; lastKnownFileType = sourcecode.c.h; name = Prefix.pch; path = ../proj.ios_mac/mac/Prefix.pch; sourceTree = "<group>"; };
		84258E592ACF8000CBCE12746F1E280085B681CFB1456000 /* Info.plist */ = {isa = PBXFileReference; lastKnownFileType = text.plist.xml; name = Info.plist; path = ../proj.ios_mac/mac/Info.plist; sourceTree = "<group>"; };
		9AAF629769620000623D67CB9B5B4800E32E89B3153A8000 /* AppDelegate.h */ = {isa = PBXFileReference; lastKnownFileType = sourcecode.c.h; name = AppDelegate.h; path = ../Classes/AppDelegate.h; sourceTree = "<group>"; };
		B185261D50E6A00046EF1F05E9338400F292421177A8380 /* script */ = {isa = PBXFileReference; lastKnownFileType = text; name = script; path = "../../../../cocos/scripting/js-bindings/script"; sourceTree = "<group>"; };
		BB58CD9C8D6BC8003E0B6C8950D78800CA1805708F7B3000 /* Cocoa.framework */ = {isa = PBXFileReference; lastKnownFileType = wrapper.framework; name = Cocoa.framework; path = System/Library/Frameworks/Cocoa.framework; sourceTree = SDKROOT; };
		BDCB716687C51800857D953DF950300052DB35BEA8515400 /* main.js */ = {isa = PBXFileReference; lastKnownFileType = text; name = main.js; path = ../../../main.js; sourceTree = "<group>"; };
		C760240783E4F80A9A15C47BC52200045ABC1D6B023A400 /* AVFoundation.framework */ = {isa = PBXFileReference; lastKnownFileType = wrapper.framework; name = AVFoundation.framework; path = System/Library/Frameworks/AVFoundation.framework; sourceTree = SDKROOT; };
		DBBC4EDA893A8800D5925C05D69D78009728CBB74CBC7800 /* AppKit.framework */ = {isa = PBXFileReference; lastKnownFileType = wrapper.framework; name = AppKit.framework; path = System/Library/Frameworks/AppKit.framework; sourceTree = SDKROOT; };
		DC0259F6E0E0400AAEB7FA6B221D80046F5E535A5F35C00 /* AudioToolbox.framework */ = {isa = PBXFileReference; lastKnownFileType = wrapper.framework; name = AudioToolbox.framework; path = System/Library/Frameworks/AudioToolbox.framework; sourceTree = SDKROOT; };
		E9621DF4C6715000961BF5BFFF2C180021E5C8348EC35200 /* res */ = {isa = PBXFileReference; lastKnownFileType = text; name = res; path = ../../../res; sourceTree = "<group>"; };
		EFCDC9748B91C8003EE6C1246FD8CE00CCDEDAE5F3C5F800 /* QuartzCore.framework */ = {isa = PBXFileReference; lastKnownFileType = wrapper.framework; name = QuartzCore.framework; path = System/Library/Frameworks/QuartzCore.framework; sourceTree = SDKROOT; };
/* End PBXFileReference section */

/* Begin PBXFrameworksBuildPhase section */
		907748B41E5C90005306403070E2BC00F88E820743272000 /* Frameworks */ = {
			isa = PBXFrameworksBuildPhase;
			buildActionMask = 2147483647;
			files = (
				41D83EC691300800D31EC23253F068006BE58ECDB1254800 /* QuartzCore.framework in Frameworks */,
				C189974DF8E8D80095638F4B8B76A8006B25427FF44F4800 /* Cocoa.framework in Frameworks */,
				7398584CA5B46400AECE49EA400E50009426437A7C46B000 /* ApplicationServices.framework in Frameworks */,
				E7994FBB840EA80019D13D67F136B40066CC8F59F2C9A400 /* OpenGL.framework in Frameworks */,
				678E0808713678003B68000603C442001129B33A6C9CE700 /* IOKit.framework in Frameworks */,
				ED4CE49BDAA6700A01B51B5806AC80038E21E50DD9FA600 /* Foundation.framework in Frameworks */,
				3865FAA12DD77C0046D3FFB721D6C400491C3875A6C1D800 /* AVFoundation.framework in Frameworks */,
				63237435348BA0048C8D23319D6B000661FE9A087D8D800 /* Security.framework in Frameworks */,
				D4E5D913B762400071DC6C0248A4F00541918B2261D4000 /* AppKit.framework in Frameworks */,
				B9C0B8524A2F1803DD3F93191CB00008ACF4B23935DF000 /* OpenAL.framework in Frameworks */,
				1AE0A5732A7DAC00294EAA891E7CF6002B96E347A3680A00 /* AudioToolbox.framework in Frameworks */,
				D8D399524D7F9800848246FCD9D478005A7CF70DAFB2FC00 /* libcocos2d_libs.a in Frameworks */,
				FC07A001DB5F680043C9E6F03C616C00974745247D932000 /* libjscocos2d.a in Frameworks */,
			);
			runOnlyForDeploymentPostprocessing = 0;
		};
/* End PBXFrameworksBuildPhase section */

/* Begin PBXGroup section */
		101A0E08468C57008CE48582473F5800282C48EABB212600 /* mac */ = {
			isa = PBXGroup;
			children = (
				4BD14CE49E9DD80051FF89F0FC07740A4355775C5872800 /* Icon.icns */,
				84258E592ACF8000CBCE12746F1E280085B681CFB1456000 /* Info.plist */,
				8072307EE8295000C81AB49A2C77F000820323F56E9F2800 /* Prefix.pch */,
				5F9674AF1DE15400942E274417A3100088928D2451A21000 /* main.cpp */,
			);
			name = mac;
			sourceTree = "<group>";
		};
		249243D29C06C200380C0A93F74814001D42B9E0CAA25F00 /* Products */ = {
			isa = PBXGroup;
			children = (
				D10F3CCE5903D8007FC46AB82F8EF800CD68D17ACDA93800 /* libcocos2d_libs.a */,
			);
			name = Products;
			sourceTree = "<group>";
		};
		49755AD7BBF7680080163982A7E87000BFF7C341FA201000 /* Frameworks */ = {
			isa = PBXGroup;
			children = (
				EFCDC9748B91C8003EE6C1246FD8CE00CCDEDAE5F3C5F800 /* QuartzCore.framework */,
				BB58CD9C8D6BC8003E0B6C8950D78800CA1805708F7B3000 /* Cocoa.framework */,
				5BF4CA73EA6C74025EDEFEBDC87C80032835CB9B4060E00 /* ApplicationServices.framework */,
				1EB4DB1719352E00188AE84266982400DA2157F3DCB72800 /* OpenGL.framework */,
				7E1F01090BACC800D19FF5CF188B308CDE38DD0DBC3000 /* IOKit.framework */,
				71D6295A4B74E000C0EF210A2FBBE8004EE73ACBB3A91400 /* Foundation.framework */,
				C760240783E4F80A9A15C47BC52200045ABC1D6B023A400 /* AVFoundation.framework */,
				7607D53BAC8F3800592BF8444205F400DAED31F1B0A25000 /* Security.framework */,
				DBBC4EDA893A8800D5925C05D69D78009728CBB74CBC7800 /* AppKit.framework */,
				2951AB2B00B6880FC6B27DDFD6E6000BE01978F738D6000 /* OpenAL.framework */,
				DC0259F6E0E0400AAEB7FA6B221D80046F5E535A5F35C00 /* AudioToolbox.framework */,
			);
			name = Frameworks;
			sourceTree = "<group>";
		};
		49C7B97C5E13CC0054846D84C8264C0090972F2E61513800 /* .. */ = {
			isa = PBXGroup;
			children = (
				D76579D73DB85800AEE6FECE412928009DDA513EC295D000 /* cocos */,
			);
			name = ..;
			sourceTree = "<group>";
		};
		4AEDC5EED41CF800B54815FB4563A800908F794CD355F000 /* test */ = {
			isa = PBXGroup;
			children = (
				C4D90DC83BA1580074BC85A43017CC00A0C132147EEB7000 /* .. */,
				A46E7DD8787978008BF241151CCC1000C894AE782F045800 /* Classes */,
				97F234732F63C800557609B177D4A800E6B67E1ABC737800 /* proj.ios_mac */,
				49755AD7BBF7680080163982A7E87000BFF7C341FA201000 /* Frameworks */,
				DE2FD571A6C938008E134D4D9B3FB000BA17F9BDEA135000 /* Products */,
				DE2FDC7F9D9690008E13545B920D0800BA1800CBE0E0A800 /* Projects */,
			);
			name = test;
			sourceTree = "<group>";
		};
		92DF541EFA9F7800300AAE263EB34A00CC1513B53284D000 /* js-bindings */ = {
			isa = PBXGroup;
			children = (
				B185261D50E6A00046EF1F05E9338400F292421177A8380 /* script */,
			);
			name = "js-bindings";
			sourceTree = "<group>";
		};
		97F234732F63C800557609B177D4A800E6B67E1ABC737800 /* proj.ios_mac */ = {
			isa = PBXGroup;
			children = (
				101A0E08468C57008CE48582473F5800282C48EABB212600 /* mac */,
			);
			name = proj.ios_mac;
			sourceTree = "<group>";
		};
		A1B1374B10C94800CF7F553D39040000B2AE890A209F8800 /* Products */ = {
			isa = PBXGroup;
			children = (
				9F5747C896714000839456BD74E4B800C46149E5BAFCF000 /* libjscocos2d.a */,
			);
			name = Products;
			sourceTree = "<group>";
		};
		A46E7DD8787978008BF241151CCC1000C894AE782F045800 /* Classes */ = {
			isa = PBXGroup;
			children = (
				351A9F348C88980071D3A6B85AABEC0068CA017BE1BA4000 /* AppDelegate.cpp */,
				9AAF629769620000623D67CB9B5B4800E32E89B3153A8000 /* AppDelegate.h */,
			);
			name = Classes;
			sourceTree = "<group>";
		};
		C4D90DC83BA1580074BC85A43017CC00A0C132147EEB7000 /* .. */ = {
			isa = PBXGroup;
			children = (
				49C7B97C5E13CC0054846D84C8264C0090972F2E61513800 /* .. */,
				BDCB716687C51800857D953DF950300052DB35BEA8515400 /* main.js */,
				6A21C306732E7C0051B39F3DA2C04C009AC94CA77DCD8800 /* project.json */,
				E9621DF4C6715000961BF5BFFF2C180021E5C8348EC35200 /* res */,
				25379B772DB30A00D1F17342666DD0005DBB45B6F6050800 /* src */,
			);
			name = ..;
			sourceTree = "<group>";
		};
		D76579D73DB85800AEE6FECE412928009DDA513EC295D000 /* cocos */ = {
			isa = PBXGroup;
			children = (
				DE2F91BA5E3C880060E230A721A84800ECEEC98E604BE800 /* scripting */,
			);
			name = cocos;
			sourceTree = "<group>";
		};
		DE2F91BA5E3C880060E230A721A84800ECEEC98E604BE800 /* scripting */ = {
			isa = PBXGroup;
			children = (
				92DF541EFA9F7800300AAE263EB34A00CC1513B53284D000 /* js-bindings */,
			);
			name = scripting;
			sourceTree = "<group>";
		};
		DE2FD571A6C938008E134D4D9B3FB000BA17F9BDEA135000 /* Products */ = {
			isa = PBXGroup;
			children = (
				17CC11B4092C4700EFC83C8537D29800C0B8564A9113F800 /* test.app */,
			);
			name = Products;
			sourceTree = "<group>";
		};
		DE2FDC7F9D9690008E13545B920D0800BA1800CBE0E0A800 /* Projects */ = {
			isa = PBXGroup;
			children = (
				77C3F1F58F2CB4008670764A8E287000DDBC7DA8DDDB9800 /* cocos2d_libs.xcodeproj */,
				17C4DBC6111910007604FFCC17CCF00078541995C9284800 /* jscocos2d.xcodeproj */,
			);
			name = Projects;
			sourceTree = "<group>";
		};
/* End PBXGroup section */

/* Begin PBXNativeTarget section */
		F8F73E6BDB9AA000E07B01A87FED40001D1D6F0B92258A00 /* test */ = {
			isa = PBXNativeTarget;
			buildConfigurationList = 907748B30C97D8005306402F5F1E0400F88E820631626800 /* Build configuration list for PBXNativeTarget "test" */;
			buildPhases = (
				907748B78E44100053064033E0CA3C00F88E820AB30EA000 /* Resources */,
				907748B7F7F12800530640344A775400F88E820B1CBBB800 /* Sources */,
				907748B41E5C90005306403070E2BC00F88E820743272000 /* Frameworks */,
			);
			buildRules = (
			);
			dependencies = (
				24A53E0989BEFE00381F04CAE50052001D55B417B85A9C00 /* PBXTargetDependency */,
				A1C43181FE818000CF924F7426BC3800B2C183410E57C800 /* PBXTargetDependency */,
			);
			name = test;
			productInstallPath = "$(HOME)/Applications";
			productName = test;
			productReference = 17CC11B4092C4700EFC83C8537D29800C0B8564A9113F800 /* test.app */;
			productType = "com.apple.product-type.application";
		};
/* End PBXNativeTarget section */

/* Begin PBXProject section */
		08FB7793FE84155DC02AAC07 /* Project object */ = {
			isa = PBXProject;
			buildConfigurationList = 1DEB928908733DD80010E9CD /* Build configuration list for PBXProject "test" */;
			compatibilityVersion = "Xcode 3.2";
			hasScannedForEncodings = 1;
			mainGroup = 4AEDC5EED41CF800B54815FB4563A800908F794CD355F000 /* test */;
			projectDirPath = "";
			projectReferences = (
				{
					ProductGroup = 249243D29C06C200380C0A93F74814001D42B9E0CAA25F00 /* Products */;
					ProjectRef = 77C3F1F58F2CB4008670764A8E287000DDBC7DA8DDDB9800 /* cocos2d_libs.xcodeproj */;
				},
				{
					ProductGroup = A1B1374B10C94800CF7F553D39040000B2AE890A209F8800 /* Products */;
					ProjectRef = 17C4DBC6111910007604FFCC17CCF00078541995C9284800 /* jscocos2d.xcodeproj */;
				},
			);
			projectRoot = "";
			targets = (
				F8F73E6BDB9AA000E07B01A87FED40001D1D6F0B92258A00 /* test.app */,
			);
		};
/* End PBXProject section */

/* Begin PBXReferenceProxy section */
		9F5747C896714000839456BD74E4B800C46149E5BAFCF000 /* libjscocos2d.a */ = {
			isa = PBXReferenceProxy;
			fileType = archive.ar;
			path = libjscocos2d.a;
			remoteRef = D7D821067B70C000BF69FD3DAB02900087FAAA7860FCC00 /* PBXContainerItemProxy */;
			sourceTree = BUILT_PRODUCTS_DIR;
		};
		D10F3CCE5903D8007FC46AB82F8EF800CD68D17ACDA93800 /* libcocos2d_libs.a */ = {
			isa = PBXReferenceProxy;
			fileType = archive.ar;
			path = libcocos2d_libs.a;
			remoteRef = B6DABE7F6E5DB000398D5D6C31C97000C599F653706D1800 /* PBXContainerItemProxy */;
			sourceTree = BUILT_PRODUCTS_DIR;
		};
/* End PBXReferenceProxy section */

/* Begin PBXResourcesBuildPhase section */
		907748B78E44100053064033E0CA3C00F88E820AB30EA000 /* Resources */ = {
			isa = PBXResourcesBuildPhase;
			buildActionMask = 2147483647;
			files = (
				676545F3DA0C8C00953363E602474800786297B2E9E2D000 /* main.js in Resources */,
				FBA6B9BED919A800DECADCC76E906000608C1674DD2CBC00 /* project.json in Resources */,
				AB76F0198B646800696D8EDF2E528C00E27F3F75BD786800 /* src in Resources */,
				638A4D00E91D7C00B5A7082D314CD09CC00C972102D000 /* Icon.icns in Resources */,
				471AD596BDA8280077D3255063816C00C02C4732F11E1800 /* cocos2d_libs.xcodeproj in Resources */,
				D8D399524D7F9800848246FCD9D478005A7CF70DAFB2FC00 /* libcocos2d_libs.a in Resources */,
				B9E01AC27A491800A19CBA68C3695000497318BAF0795800 /* jscocos2d.xcodeproj in Resources */,
				FC07A001DB5F680043C9E6F03C616C00974745247D932000 /* libjscocos2d.a in Resources */,
			);
			runOnlyForDeploymentPostprocessing = 0;
		};
/* End PBXResourcesBuildPhase section */

/* Begin PBXSourcesBuildPhase section */
		907748B7F7F12800530640344A775400F88E820B1CBBB800 /* Sources */ = {
			isa = PBXSourcesBuildPhase;
			buildActionMask = 2147483647;
			files = (
				934EF3A4B4A3E800D5F809A0568D8000A572B2214DB49800 /* AppDelegate.cpp in Sources */,
				544D6A3CAB9CE800CD830D76BDC6C000B9E89DA8F1B7B000 /* main.cpp in Sources */,
			);
			runOnlyForDeploymentPostprocessing = 0;
		};
/* End PBXSourcesBuildPhase section */

/* Begin PBXTargetDependency section */
		24A53E0989BEFE00381F04CAE50052001D55B417B85A9C00 /* PBXTargetDependency */ = {
			isa = PBXTargetDependency;
			name = libcocos2d_libs.a;
			targetProxy = B94CFFB5C09820003BFF9EA28403E400C80C3789C2A78800 /* PBXContainerItemProxy */;
		};
		A1C43181FE818000CF924F7426BC3800B2C183410E57C800 /* PBXTargetDependency */ = {
			isa = PBXTargetDependency;
			name = libjscocos2d.a;
			targetProxy = DA4A623CCDAB3000C1DC3E73FD3D0000AF1EBDDD84A3E80 /* PBXContainerItemProxy */;
		};
/* End PBXTargetDependency section */

/* Begin PBXVariantGroup section */
/* End PBXVariantGroup section */

/* Begin XCBuildConfiguration section */
		1638A6CC728CFB00D8C79E48C51328007E4FE01F97578800 /* Release */ = {
			isa = XCBuildConfiguration;
			buildSettings = {
				ALWAYS_SEARCH_USER_PATHS = (
					YES,
				);
				CLANG_CXX_LANGUAGE_STANDARD = (
					"c++0x",
				);
				CLANG_CXX_LIBRARY = (
					"libc++",
				);
				CONFIGURATION_BUILD_DIR = "$(SYMROOT)";
				CONFIGURATION_TEMP_DIR = "$(OBJROOT)";
				GCC_C_LANGUAGE_STANDARD = gnu99;
				GCC_OPTIMIZATION_LEVEL = 3;
				GCC_PRECOMPILE_PREFIX_HEADER = YES;
				GCC_PREFIX_HEADER = "../runtime-src/proj.ios_mac/mac/Prefix.pch";
				GCC_SYMBOLS_PRIVATE_EXTERN = NO;
				GCC_WARN_ABOUT_RETURN_TYPE = YES;
				GCC_WARN_UNUSED_VARIABLE = YES;
				LIBRARY_SEARCH_PATHS = (
					../../../../external/mac/libs,
				);
				OBJROOT = obj/x32/Release/test;
				ONLY_ACTIVE_ARCH = NO;
				OTHER_LDFLAGS = (
					"-lglfw3",
					"-lssl",
					"-lcrypto",
					"-lchipmunk",
					"-lwebsockets",
					"-ljpeg",
					"-lpng",
					"-ltiff",
					"-lfreetype",
					"-lz",
					"-ljs_static",
					"-liconv",
					"-lcurl",
					"-lsqlite3",
				);
				SYMROOT = bin/x32/Release;
				USER_HEADER_SEARCH_PATHS = (
					../Classes,
					../../../..,
					../../../../cocos,
					"../../../../cocos/editor-support",
					../../../../extensions,
					../../../../external,
					../../../../external/mac/include,
					../../../../external/mac/include/spidermonkey,
					../../../../external/mac/include/chipmunk,
					../../../../external/mac/include/freetype,
					../../../../external/sources,
					../../../../cocos/ui,
					../../../../cocos/3d,
					../../../../cocos/2d,
					../../../../cocos/base,
					../../../../cocos/audio/include,
					"../../../../cocos/scripting/js-bindings/manual",
					"../../../../cocos/scripting/js-bindings/auto",
				);
			};
			name = Release;
		};
		1B11EF3720E9EA0089106C3E77775800425F6DD04FF06800 /* Release */ = {
			isa = XCBuildConfiguration;
			buildSettings = {
				ALWAYS_SEARCH_USER_PATHS = (
					YES,
				);
				CLANG_CXX_LANGUAGE_STANDARD = (
					"c++0x",
				);
				CLANG_CXX_LIBRARY = (
					"libc++",
				);
				CONFIGURATION_BUILD_DIR = bin/x32/Release;
				DEBUG_INFORMATION_FORMAT = "dwarf-with-dsym";
				GCC_DYNAMIC_NO_PIC = NO;
				INFOPLIST_FILE = ../proj.ios_mac/mac/Info.plist;
				INSTALL_PATH = "\"$(HOME)/Applications\"";
				PRODUCT_NAME = test;
			};
			name = Release;
		};
		4B3EBF7429F5B000F7F8973F62B0780083C269B3F247B000 /* Debug */ = {
			isa = XCBuildConfiguration;
			buildSettings = {
				ALWAYS_SEARCH_USER_PATHS = (
					YES,
				);
				CLANG_CXX_LANGUAGE_STANDARD = (
					"c++0x",
				);
				CLANG_CXX_LIBRARY = (
					"libc++",
				);
				CONFIGURATION_BUILD_DIR = "$(SYMROOT)";
				CONFIGURATION_TEMP_DIR = "$(OBJROOT)";
				GCC_C_LANGUAGE_STANDARD = gnu99;
				GCC_OPTIMIZATION_LEVEL = 1;
				GCC_PRECOMPILE_PREFIX_HEADER = YES;
				GCC_PREFIX_HEADER = "../runtime-src/proj.ios_mac/mac/Prefix.pch";
				GCC_SYMBOLS_PRIVATE_EXTERN = NO;
				GCC_WARN_ABOUT_RETURN_TYPE = YES;
				GCC_WARN_UNUSED_VARIABLE = YES;
				LIBRARY_SEARCH_PATHS = (
					../../../../external/mac/libs,
				);
				OBJROOT = obj/x32/Debug/test;
				ONLY_ACTIVE_ARCH = NO;
				OTHER_LDFLAGS = (
					"-lglfw3",
					"-lssl",
					"-lcrypto",
					"-lchipmunk",
					"-lwebsockets",
					"-ljpeg",
					"-lpng",
					"-ltiff",
					"-lfreetype",
					"-lz",
					"-ljs_static",
					"-liconv",
					"-lcurl",
					"-lsqlite3",
				);
				SYMROOT = bin/x32/Debug;
				USER_HEADER_SEARCH_PATHS = (
					../Classes,
					../../../..,
					../../../../cocos,
					"../../../../cocos/editor-support",
					../../../../extensions,
					../../../../external,
					../../../../external/mac/include,
					../../../../external/mac/include/spidermonkey,
					../../../../external/mac/include/chipmunk,
					../../../../external/mac/include/freetype,
					../../../../external/sources,
					../../../../cocos/ui,
					../../../../cocos/3d,
					../../../../cocos/2d,
					../../../../cocos/base,
					../../../../cocos/audio/include,
					"../../../../cocos/scripting/js-bindings/manual",
					"../../../../cocos/scripting/js-bindings/auto",
				);
			};
			name = Debug;
		};
		E74F4E74E5DF20002B1CFF95D0CB4600E1F067F618B11000 /* Debug */ = {
			isa = XCBuildConfiguration;
			buildSettings = {
				ALWAYS_SEARCH_USER_PATHS = (
					YES,
				);
				CLANG_CXX_LANGUAGE_STANDARD = (
					"c++0x",
				);
				CLANG_CXX_LIBRARY = (
					"libc++",
				);
				CONFIGURATION_BUILD_DIR = bin/x32/Debug;
				DEBUG_INFORMATION_FORMAT = "dwarf-with-dsym";
				GCC_DYNAMIC_NO_PIC = NO;
				INFOPLIST_FILE = ../proj.ios_mac/mac/Info.plist;
				INSTALL_PATH = "\"$(HOME)/Applications\"";
				PRODUCT_NAME = test;
			};
			name = Debug;
		};
/* End XCBuildConfiguration section */

/* Begin XCConfigurationList section */
		1DEB928908733DD80010E9CD /* Build configuration list for PBXProject "test" */ = {
			isa = XCConfigurationList;
			buildConfigurations = (
				4B3EBF7429F5B000F7F8973F62B0780083C269B3F247B000 /* Debug */,
				4B3EBF7429F5B000F7F8973F62B0780083C269B3F247B000 /* Debug */,
				4B3EBF7429F5B000F7F8973F62B0780083C269B3F247B000 /* Debug */,
				1638A6CC728CFB00D8C79E48C51328007E4FE01F97578800 /* Release */,
				1638A6CC728CFB00D8C79E48C51328007E4FE01F97578800 /* Release */,
				1638A6CC728CFB00D8C79E48C51328007E4FE01F97578800 /* Release */,
			);
			defaultConfigurationIsVisible = 0;
			defaultConfigurationName = Debug;
		};
		907748B30C97D8005306402F5F1E0400F88E820631626800 /* Build configuration list for PBXNativeTarget "test.app" */ = {
			isa = XCConfigurationList;
			buildConfigurations = (
				E74F4E74E5DF20002B1CFF95D0CB4600E1F067F618B11000 /* Debug */,
				E74F4E74E5DF20002B1CFF95D0CB4600E1F067F618B11000 /* Debug */,
				E74F4E74E5DF20002B1CFF95D0CB4600E1F067F618B11000 /* Debug */,
				1B11EF3720E9EA0089106C3E77775800425F6DD04FF06800 /* Release */,
				1B11EF3720E9EA0089106C3E77775800425F6DD04FF06800 /* Release */,
				1B11EF3720E9EA0089106C3E77775800425F6DD04FF06800 /* Release */,
			);
			defaultConfigurationIsVisible = 0;
			defaultConfigurationName = Debug;
		};
/* End XCConfigurationList section */
};
rootObject = 08FB7793FE84155DC02AAC07 /* Project object */;
}